
Microsoft Visual Studio Solution File, Format Version 12.00
# Visual Studio 15
VisualStudioVersion = 15.0.26403.7
MinimumVisualStudioVersion = 10.0.40219.1
Project("{FAE04EC0-301F-11D3-BF4B-00C04F79EFBC}") = "tester", "tester\tester.csproj", "{C0212A44-AE68-4315-BC20-3B8BB40A3F98}"
EndProject
Project("{D954291E-2A0B-460D-934E-DC6B0785DB48}") = "prometheus-net.shared", "prometheus-net.shared\prometheus-net.shared.shproj", "{E02A4181-E15F-40E7-8FA1-0859A15C5857}"
EndProject
Project("{FAE04EC0-301F-11D3-BF4B-00C04F79EFBC}") = "prometheus-net.NET40", "prometheus-net.NET40\prometheus-net.NET40.csproj", "{4D74C8AE-B9DC-47B1-BCE2-C70044401A08}"
EndProject
Project("{FAE04EC0-301F-11D3-BF4B-00C04F79EFBC}") = "prometheus-net.NET45", "prometheus-net.NET45\prometheus-net.NET45.csproj", "{EE3B50BE-577B-4664-A347-CC737B7D5612}"
EndProject
Project("{2150E333-8FDC-42A3-9474-1A3956D46DE8}") = "Solution Items", "Solution Items", "{37B6A73C-786B-4833-9D3B-2B4FA7456D10}"
	ProjectSection(SolutionItems) = preProject
		GlobalAssemblyInfo.cs = GlobalAssemblyInfo.cs
		prometheus-net.nuspec = prometheus-net.nuspec
	EndProjectSection
EndProject
Project("{D954291E-2A0B-460D-934E-DC6B0785DB48}") = "prometheus-net.sharedtests", "prometheus-net.sharedtests\prometheus-net.sharedtests.shproj", "{4010ED45-CBC7-4BF3-94A0-23AE2439D63B}"
EndProject
Project("{FAE04EC0-301F-11D3-BF4B-00C04F79EFBC}") = "prometheus-net.NET40.tests", "prometheus-net.NET40.tests\prometheus-net.NET40.tests.csproj", "{E5A9406E-1D18-42ED-BA5F-F8CB336FA13A}"
EndProject
Project("{FAE04EC0-301F-11D3-BF4B-00C04F79EFBC}") = "prometheus-net.NET45.tests", "prometheus-net.NET45.tests\prometheus-net.NET45.tests.csproj", "{D866F87B-7088-432C-AE36-10324815A25E}"
EndProject
Project("{FAE04EC0-301F-11D3-BF4B-00C04F79EFBC}") = "prometheus-net.NET46", "prometheus-net.NET46\prometheus-net.NET46.csproj", "{63713F41-0DF7-4EAD-8A27-0C951DC1F5D0}"
EndProject
Project("{FAE04EC0-301F-11D3-BF4B-00C04F79EFBC}") = "prometheus-net.NET46.tests", "prometheus-net.NET46.tests\prometheus-net.NET46.tests.csproj", "{EFF521AB-2C4D-488B-91E8-79A4B4CE4ADF}"
EndProject
Project("{FAE04EC0-301F-11D3-BF4B-00C04F79EFBC}") = "prometheus-net.NETCORE11", "prometheus-net.NETCORE11\prometheus-net.NETCORE11.csproj", "{94C83714-BDDC-4AC8-A372-4330D707D381}"
EndProject
Project("{9A19103F-16F7-4668-BE54-9A1E7A4F7556}") = "prometheus-net.NETCORE11.tests", "prometheus-net.NETCORE11.tests\prometheus-net.NETCORE11.tests.csproj", "{1072B16C-D12C-4A69-BEC3-D50A3597B0A1}"
EndProject
Global
	GlobalSection(SharedMSBuildProjectFiles) = preSolution
		prometheus-net.sharedtests\prometheus-net.sharedtests.projitems*{4010ed45-cbc7-4bf3-94a0-23ae2439d63b}*SharedItemsImports = 13
		prometheus-net.shared\prometheus-net.shared.projitems*{4d74c8ae-b9dc-47b1-bce2-c70044401a08}*SharedItemsImports = 4
		prometheus-net.shared\prometheus-net.shared.projitems*{63713f41-0df7-4ead-8a27-0c951dc1f5d0}*SharedItemsImports = 4
		prometheus-net.sharedtests\prometheus-net.sharedtests.projitems*{d866f87b-7088-432c-ae36-10324815a25e}*SharedItemsImports = 4
		prometheus-net.shared\prometheus-net.shared.projitems*{d866f87b-7088-432c-ae36-10324815a25e}*SharedItemsImports = 4
		prometheus-net.shared\prometheus-net.shared.projitems*{e02a4181-e15f-40e7-8fa1-0859a15c5857}*SharedItemsImports = 13
		prometheus-net.sharedtests\prometheus-net.sharedtests.projitems*{e5a9406e-1d18-42ed-ba5f-f8cb336fa13a}*SharedItemsImports = 4
		prometheus-net.shared\prometheus-net.shared.projitems*{e5a9406e-1d18-42ed-ba5f-f8cb336fa13a}*SharedItemsImports = 4
		prometheus-net.shared\prometheus-net.shared.projitems*{ee3b50be-577b-4664-a347-cc737b7d5612}*SharedItemsImports = 4
		prometheus-net.sharedtests\prometheus-net.sharedtests.projitems*{eff521ab-2c4d-488b-91e8-79a4b4ce4adf}*SharedItemsImports = 4
		prometheus-net.shared\prometheus-net.shared.projitems*{eff521ab-2c4d-488b-91e8-79a4b4ce4adf}*SharedItemsImports = 4
	EndGlobalSection
	GlobalSection(SolutionConfigurationPlatforms) = preSolution
		Debug|Any CPU = Debug|Any CPU
		Release|Any CPU = Release|Any CPU
	EndGlobalSection
	GlobalSection(ProjectConfigurationPlatforms) = postSolution
		{C0212A44-AE68-4315-BC20-3B8BB40A3F98}.Debug|Any CPU.ActiveCfg = Debug|Any CPU
		{C0212A44-AE68-4315-BC20-3B8BB40A3F98}.Debug|Any CPU.Build.0 = Debug|Any CPU
		{C0212A44-AE68-4315-BC20-3B8BB40A3F98}.Release|Any CPU.ActiveCfg = Release|Any CPU
		{C0212A44-AE68-4315-BC20-3B8BB40A3F98}.Release|Any CPU.Build.0 = Release|Any CPU
		{4D74C8AE-B9DC-47B1-BCE2-C70044401A08}.Debug|Any CPU.ActiveCfg = Debug|Any CPU
		{4D74C8AE-B9DC-47B1-BCE2-C70044401A08}.Debug|Any CPU.Build.0 = Debug|Any CPU
		{4D74C8AE-B9DC-47B1-BCE2-C70044401A08}.Release|Any CPU.ActiveCfg = Release|Any CPU
		{4D74C8AE-B9DC-47B1-BCE2-C70044401A08}.Release|Any CPU.Build.0 = Release|Any CPU
		{EE3B50BE-577B-4664-A347-CC737B7D5612}.Debug|Any CPU.ActiveCfg = Debug|Any CPU
		{EE3B50BE-577B-4664-A347-CC737B7D5612}.Debug|Any CPU.Build.0 = Debug|Any CPU
		{EE3B50BE-577B-4664-A347-CC737B7D5612}.Release|Any CPU.ActiveCfg = Release|Any CPU
		{EE3B50BE-577B-4664-A347-CC737B7D5612}.Release|Any CPU.Build.0 = Release|Any CPU
		{E5A9406E-1D18-42ED-BA5F-F8CB336FA13A}.Debug|Any CPU.ActiveCfg = Debug|Any CPU
		{E5A9406E-1D18-42ED-BA5F-F8CB336FA13A}.Debug|Any CPU.Build.0 = Debug|Any CPU
		{E5A9406E-1D18-42ED-BA5F-F8CB336FA13A}.Release|Any CPU.ActiveCfg = Release|Any CPU
		{E5A9406E-1D18-42ED-BA5F-F8CB336FA13A}.Release|Any CPU.Build.0 = Release|Any CPU
		{D866F87B-7088-432C-AE36-10324815A25E}.Debug|Any CPU.ActiveCfg = Debug|Any CPU
		{D866F87B-7088-432C-AE36-10324815A25E}.Debug|Any CPU.Build.0 = Debug|Any CPU
		{D866F87B-7088-432C-AE36-10324815A25E}.Release|Any CPU.ActiveCfg = Release|Any CPU
		{D866F87B-7088-432C-AE36-10324815A25E}.Release|Any CPU.Build.0 = Release|Any CPU
		{63713F41-0DF7-4EAD-8A27-0C951DC1F5D0}.Debug|Any CPU.ActiveCfg = Debug|Any CPU
		{63713F41-0DF7-4EAD-8A27-0C951DC1F5D0}.Debug|Any CPU.Build.0 = Debug|Any CPU
		{63713F41-0DF7-4EAD-8A27-0C951DC1F5D0}.Release|Any CPU.ActiveCfg = Release|Any CPU
		{63713F41-0DF7-4EAD-8A27-0C951DC1F5D0}.Release|Any CPU.Build.0 = Release|Any CPU
		{EFF521AB-2C4D-488B-91E8-79A4B4CE4ADF}.Debug|Any CPU.ActiveCfg = Debug|Any CPU
		{EFF521AB-2C4D-488B-91E8-79A4B4CE4ADF}.Debug|Any CPU.Build.0 = Debug|Any CPU
		{EFF521AB-2C4D-488B-91E8-79A4B4CE4ADF}.Release|Any CPU.ActiveCfg = Release|Any CPU
		{EFF521AB-2C4D-488B-91E8-79A4B4CE4ADF}.Release|Any CPU.Build.0 = Release|Any CPU
		{94C83714-BDDC-4AC8-A372-4330D707D381}.Debug|Any CPU.ActiveCfg = Debug|Any CPU
		{94C83714-BDDC-4AC8-A372-4330D707D381}.Debug|Any CPU.Build.0 = Debug|Any CPU
		{94C83714-BDDC-4AC8-A372-4330D707D381}.Release|Any CPU.ActiveCfg = Release|Any CPU
		{94C83714-BDDC-4AC8-A372-4330D707D381}.Release|Any CPU.Build.0 = Release|Any CPU
		{1072B16C-D12C-4A69-BEC3-D50A3597B0A1}.Debug|Any CPU.ActiveCfg = Debug|Any CPU
		{1072B16C-D12C-4A69-BEC3-D50A3597B0A1}.Debug|Any CPU.Build.0 = Debug|Any CPU
		{1072B16C-D12C-4A69-BEC3-D50A3597B0A1}.Release|Any CPU.ActiveCfg = Release|Any CPU
		{1072B16C-D12C-4A69-BEC3-D50A3597B0A1}.Release|Any CPU.Build.0 = Release|Any CPU
	EndGlobalSection
	GlobalSection(SolutionProperties) = preSolution
		HideSolutionNode = FALSE
	EndGlobalSection
EndGlobal
