Microsoft Visual Studio Solution File, Format Version 12.00
# Visual Studio 15
VisualStudioVersion = 15.0.27130.2024
MinimumVisualStudioVersion = 10.0.40219.1
Project("{9A19103F-16F7-4668-BE54-9A1E7A4F7556}") = "Prometheus.NetStandard", "Prometheus.NetStandard\Prometheus.NetStandard.csproj", "{BA482927-F0BC-462C-8BA0-C476D93621BC}"
EndProject
Project("{FAE04EC0-301F-11D3-BF4B-00C04F79EFBC}") = "Resources", "Resources\Resources.csproj", "{608F1849-C417-4077-B60F-1BBF26762670}"
EndProject
Project("{9A19103F-16F7-4668-BE54-9A1E7A4F7556}") = "Tests.NetCore", "Tests.NetCore\Tests.NetCore.csproj", "{09EED3ED-25BF-4942-8428-383B51DA0D86}"
EndProject
Project("{FAE04EC0-301F-11D3-BF4B-00C04F79EFBC}") = "Tests.NetFramework", "Tests.NetFramework\Tests.NetFramework.csproj", "{A45A8238-966E-482D-BF1A-95A25BB3169B}"
EndProject
Project("{FAE04EC0-301F-11D3-BF4B-00C04F79EFBC}") = "Tester.NetFramework", "Tester.NetFramework\Tester.NetFramework.csproj", "{377A530B-43FA-4980-97DF-C21BB32B4F77}"
EndProject
Project("{9A19103F-16F7-4668-BE54-9A1E7A4F7556}") = "Tester.NetCore", "Tester.NetCore\Tester.NetCore.csproj", "{5CB67E67-72BD-4514-97D1-336F72F82BBF}"
EndProject
Project("{9A19103F-16F7-4668-BE54-9A1E7A4F7556}") = "Prometheus.AspNetCore", "Prometheus.AspNetCore\Prometheus.AspNetCore.csproj", "{7D0A36BB-5606-4D8F-B048-621C76B22881}"
EndProject
Project("{2150E333-8FDC-42A3-9474-1A3956D46DE8}") = "Documentation", "Documentation", "{0C02F049-E0A1-4F63-977C-CCC9C7531CF2}"
	ProjectSection(SolutionItems) = preProject
		History = History
		LICENSE = LICENSE
		README.md = README.md
	EndProjectSection
EndProject
Project("{FAE04EC0-301F-11D3-BF4B-00C04F79EFBC}") = "Benchmark.NetFramework", "Benchmark.NetFramework\Benchmark.NetFramework.csproj", "{CC15F858-BDFC-4995-97C4-D0C565BAB162}"
EndProject
Project("{FAE04EC0-301F-11D3-BF4B-00C04F79EFBC}") = "Prometheus.HttpExporter.AspNetCore", "Prometheus.HttpExporter.AspNetCore\Prometheus.HttpExporter.AspNetCore.csproj", "{07E43301-AA80-44C1-9FA0-F5D95EEBEA63}"
EndProject
Project("{FAE04EC0-301F-11D3-BF4B-00C04F79EFBC}") = "Tests.HttpExporter.AspNetCore", "Tests.HttpExporter.AspNetCore\Tests.HttpExporter.AspNetCore.csproj", "{37E570A7-1170-4961-BA63-0D79FA40B964}"
EndProject
Project("{FAE04EC0-301F-11D3-BF4B-00C04F79EFBC}") = "Benchmark.NetCore", "Benchmark.NetCore\Benchmark.NetCore.csproj", "{CA40A52E-3490-432D-8F1A-1DC5DB07ADA2}"
EndProject
Project("{FAE04EC0-301F-11D3-BF4B-00C04F79EFBC}") = "Prometheus.HttpExporter.NetStandard", "Prometheus.HttpExporter.NetStandard\Prometheus.HttpExporter.NetStandard.csproj", "{82CC3DB0-F64E-4212-91AE-72C857D5085A}"
EndProject
Global
	GlobalSection(SolutionConfigurationPlatforms) = preSolution
		Debug|Any CPU = Debug|Any CPU
		Release|Any CPU = Release|Any CPU
	EndGlobalSection
	GlobalSection(ProjectConfigurationPlatforms) = postSolution
		{BA482927-F0BC-462C-8BA0-C476D93621BC}.Debug|Any CPU.ActiveCfg = Debug|Any CPU
		{BA482927-F0BC-462C-8BA0-C476D93621BC}.Debug|Any CPU.Build.0 = Debug|Any CPU
		{BA482927-F0BC-462C-8BA0-C476D93621BC}.Release|Any CPU.ActiveCfg = Release|Any CPU
		{BA482927-F0BC-462C-8BA0-C476D93621BC}.Release|Any CPU.Build.0 = Release|Any CPU
		{608F1849-C417-4077-B60F-1BBF26762670}.Debug|Any CPU.ActiveCfg = Debug|Any CPU
		{608F1849-C417-4077-B60F-1BBF26762670}.Release|Any CPU.ActiveCfg = Release|Any CPU
		{09EED3ED-25BF-4942-8428-383B51DA0D86}.Debug|Any CPU.ActiveCfg = Debug|Any CPU
		{09EED3ED-25BF-4942-8428-383B51DA0D86}.Debug|Any CPU.Build.0 = Debug|Any CPU
		{09EED3ED-25BF-4942-8428-383B51DA0D86}.Release|Any CPU.ActiveCfg = Release|Any CPU
		{09EED3ED-25BF-4942-8428-383B51DA0D86}.Release|Any CPU.Build.0 = Release|Any CPU
		{A45A8238-966E-482D-BF1A-95A25BB3169B}.Debug|Any CPU.ActiveCfg = Debug|Any CPU
		{A45A8238-966E-482D-BF1A-95A25BB3169B}.Debug|Any CPU.Build.0 = Debug|Any CPU
		{A45A8238-966E-482D-BF1A-95A25BB3169B}.Release|Any CPU.ActiveCfg = Release|Any CPU
		{A45A8238-966E-482D-BF1A-95A25BB3169B}.Release|Any CPU.Build.0 = Release|Any CPU
		{377A530B-43FA-4980-97DF-C21BB32B4F77}.Debug|Any CPU.ActiveCfg = Debug|Any CPU
		{377A530B-43FA-4980-97DF-C21BB32B4F77}.Debug|Any CPU.Build.0 = Debug|Any CPU
		{377A530B-43FA-4980-97DF-C21BB32B4F77}.Release|Any CPU.ActiveCfg = Release|Any CPU
		{377A530B-43FA-4980-97DF-C21BB32B4F77}.Release|Any CPU.Build.0 = Release|Any CPU
		{5CB67E67-72BD-4514-97D1-336F72F82BBF}.Debug|Any CPU.ActiveCfg = Debug|Any CPU
		{5CB67E67-72BD-4514-97D1-336F72F82BBF}.Debug|Any CPU.Build.0 = Debug|Any CPU
		{5CB67E67-72BD-4514-97D1-336F72F82BBF}.Release|Any CPU.ActiveCfg = Release|Any CPU
		{5CB67E67-72BD-4514-97D1-336F72F82BBF}.Release|Any CPU.Build.0 = Release|Any CPU
		{7D0A36BB-5606-4D8F-B048-621C76B22881}.Debug|Any CPU.ActiveCfg = Debug|Any CPU
		{7D0A36BB-5606-4D8F-B048-621C76B22881}.Debug|Any CPU.Build.0 = Debug|Any CPU
		{7D0A36BB-5606-4D8F-B048-621C76B22881}.Release|Any CPU.ActiveCfg = Release|Any CPU
		{7D0A36BB-5606-4D8F-B048-621C76B22881}.Release|Any CPU.Build.0 = Release|Any CPU
		{CC15F858-BDFC-4995-97C4-D0C565BAB162}.Debug|Any CPU.ActiveCfg = Debug|Any CPU
		{CC15F858-BDFC-4995-97C4-D0C565BAB162}.Debug|Any CPU.Build.0 = Debug|Any CPU
		{CC15F858-BDFC-4995-97C4-D0C565BAB162}.Release|Any CPU.ActiveCfg = Release|Any CPU
		{CC15F858-BDFC-4995-97C4-D0C565BAB162}.Release|Any CPU.Build.0 = Release|Any CPU
		{07E43301-AA80-44C1-9FA0-F5D95EEBEA63}.Debug|Any CPU.ActiveCfg = Debug|Any CPU
		{07E43301-AA80-44C1-9FA0-F5D95EEBEA63}.Debug|Any CPU.Build.0 = Debug|Any CPU
		{07E43301-AA80-44C1-9FA0-F5D95EEBEA63}.Release|Any CPU.ActiveCfg = Release|Any CPU
		{07E43301-AA80-44C1-9FA0-F5D95EEBEA63}.Release|Any CPU.Build.0 = Release|Any CPU
		{37E570A7-1170-4961-BA63-0D79FA40B964}.Debug|Any CPU.ActiveCfg = Debug|Any CPU
		{37E570A7-1170-4961-BA63-0D79FA40B964}.Debug|Any CPU.Build.0 = Debug|Any CPU
		{37E570A7-1170-4961-BA63-0D79FA40B964}.Release|Any CPU.ActiveCfg = Release|Any CPU
		{37E570A7-1170-4961-BA63-0D79FA40B964}.Release|Any CPU.Build.0 = Release|Any CPU
		{CA40A52E-3490-432D-8F1A-1DC5DB07ADA2}.Debug|Any CPU.ActiveCfg = Debug|Any CPU
		{CA40A52E-3490-432D-8F1A-1DC5DB07ADA2}.Debug|Any CPU.Build.0 = Debug|Any CPU
		{CA40A52E-3490-432D-8F1A-1DC5DB07ADA2}.Release|Any CPU.ActiveCfg = Release|Any CPU
		{CA40A52E-3490-432D-8F1A-1DC5DB07ADA2}.Release|Any CPU.Build.0 = Release|Any CPU
		{82CC3DB0-F64E-4212-91AE-72C857D5085A}.Debug|Any CPU.ActiveCfg = Debug|Any CPU
		{82CC3DB0-F64E-4212-91AE-72C857D5085A}.Debug|Any CPU.Build.0 = Debug|Any CPU
		{82CC3DB0-F64E-4212-91AE-72C857D5085A}.Release|Any CPU.ActiveCfg = Release|Any CPU
		{82CC3DB0-F64E-4212-91AE-72C857D5085A}.Release|Any CPU.Build.0 = Release|Any CPU
	EndGlobalSection
	GlobalSection(SolutionProperties) = preSolution
		HideSolutionNode = FALSE
	EndGlobalSection
	GlobalSection(ExtensibilityGlobals) = postSolution
		SolutionGuid = {A3F5DDAA-093D-49E7-AA0C-183521D01BA7}
	EndGlobalSection
EndGlobal
