Microsoft Visual Studio Solution File, Format Version 12.00
# Visual Studio 15
VisualStudioVersion = 15.0.26228.4
MinimumVisualStudioVersion = 10.0.40219.1
Project("{FAE04EC0-301F-11D3-BF4B-00C04F79EFBC}") = "tester", "tester\tester.csproj", "{C0212A44-AE68-4315-BC20-3B8BB40A3F98}"
EndProject
Project("{FAE04EC0-301F-11D3-BF4B-00C04F79EFBC}") = "prometheus-net", "prometheus-net\prometheus-net.csproj", "{909D4E25-105D-4B6B-BCDA-7C63CF2801E7}"
EndProject
Project("{FAE04EC0-301F-11D3-BF4B-00C04F79EFBC}") = "prometheus-net.tests", "prometheus-net.tests\prometheus-net.tests.csproj", "{AB95D899-C0F2-4652-B221-C063A8AC592D}"
EndProject
Global
	GlobalSection(SolutionConfigurationPlatforms) = preSolution
		Debug|Any CPU = Debug|Any CPU
		Debug|x64 = Debug|x64
		Debug|x86 = Debug|x86
		Release|Any CPU = Release|Any CPU
		Release|x64 = Release|x64
		Release|x86 = Release|x86
	EndGlobalSection
	GlobalSection(ProjectConfigurationPlatforms) = postSolution
		{C0212A44-AE68-4315-BC20-3B8BB40A3F98}.Debug|Any CPU.ActiveCfg = Debug|Any CPU
		{C0212A44-AE68-4315-BC20-3B8BB40A3F98}.Debug|Any CPU.Build.0 = Debug|Any CPU
		{C0212A44-AE68-4315-BC20-3B8BB40A3F98}.Debug|x64.ActiveCfg = Debug|Any CPU
		{C0212A44-AE68-4315-BC20-3B8BB40A3F98}.Debug|x86.ActiveCfg = Debug|Any CPU
		{C0212A44-AE68-4315-BC20-3B8BB40A3F98}.Release|Any CPU.ActiveCfg = Release|Any CPU
		{C0212A44-AE68-4315-BC20-3B8BB40A3F98}.Release|Any CPU.Build.0 = Release|Any CPU
		{C0212A44-AE68-4315-BC20-3B8BB40A3F98}.Release|x64.ActiveCfg = Release|Any CPU
		{C0212A44-AE68-4315-BC20-3B8BB40A3F98}.Release|x86.ActiveCfg = Release|Any CPU
		{909D4E25-105D-4B6B-BCDA-7C63CF2801E7}.Debug|Any CPU.ActiveCfg = Debug|Any CPU
		{909D4E25-105D-4B6B-BCDA-7C63CF2801E7}.Debug|Any CPU.Build.0 = Debug|Any CPU
		{909D4E25-105D-4B6B-BCDA-7C63CF2801E7}.Debug|x64.ActiveCfg = Debug|Any CPU
		{909D4E25-105D-4B6B-BCDA-7C63CF2801E7}.Debug|x64.Build.0 = Debug|Any CPU
		{909D4E25-105D-4B6B-BCDA-7C63CF2801E7}.Debug|x86.ActiveCfg = Debug|Any CPU
		{909D4E25-105D-4B6B-BCDA-7C63CF2801E7}.Debug|x86.Build.0 = Debug|Any CPU
		{909D4E25-105D-4B6B-BCDA-7C63CF2801E7}.Release|Any CPU.ActiveCfg = Release|Any CPU
		{909D4E25-105D-4B6B-BCDA-7C63CF2801E7}.Release|Any CPU.Build.0 = Release|Any CPU
		{909D4E25-105D-4B6B-BCDA-7C63CF2801E7}.Release|x64.ActiveCfg = Release|Any CPU
		{909D4E25-105D-4B6B-BCDA-7C63CF2801E7}.Release|x64.Build.0 = Release|Any CPU
		{909D4E25-105D-4B6B-BCDA-7C63CF2801E7}.Release|x86.ActiveCfg = Release|Any CPU
		{909D4E25-105D-4B6B-BCDA-7C63CF2801E7}.Release|x86.Build.0 = Release|Any CPU
		{AB95D899-C0F2-4652-B221-C063A8AC592D}.Debug|Any CPU.ActiveCfg = Debug|Any CPU
		{AB95D899-C0F2-4652-B221-C063A8AC592D}.Debug|Any CPU.Build.0 = Debug|Any CPU
		{AB95D899-C0F2-4652-B221-C063A8AC592D}.Debug|x64.ActiveCfg = Debug|Any CPU
		{AB95D899-C0F2-4652-B221-C063A8AC592D}.Debug|x64.Build.0 = Debug|Any CPU
		{AB95D899-C0F2-4652-B221-C063A8AC592D}.Debug|x86.ActiveCfg = Debug|Any CPU
		{AB95D899-C0F2-4652-B221-C063A8AC592D}.Debug|x86.Build.0 = Debug|Any CPU
		{AB95D899-C0F2-4652-B221-C063A8AC592D}.Release|Any CPU.ActiveCfg = Release|Any CPU
		{AB95D899-C0F2-4652-B221-C063A8AC592D}.Release|Any CPU.Build.0 = Release|Any CPU
		{AB95D899-C0F2-4652-B221-C063A8AC592D}.Release|x64.ActiveCfg = Release|Any CPU
		{AB95D899-C0F2-4652-B221-C063A8AC592D}.Release|x64.Build.0 = Release|Any CPU
		{AB95D899-C0F2-4652-B221-C063A8AC592D}.Release|x86.ActiveCfg = Release|Any CPU
		{AB95D899-C0F2-4652-B221-C063A8AC592D}.Release|x86.Build.0 = Release|Any CPU
	EndGlobalSection
	GlobalSection(SolutionProperties) = preSolution
		HideSolutionNode = FALSE
	EndGlobalSection
EndGlobal
